// !$*UTF8*$!
{
	archiveVersion = 1;
	classes = {
	};
	objectVersion = 46;
	objects = {

/* Begin PBXBuildFile section */
		051BF46D1E697CA800297D8D /* AppDelegate.swift in Sources */ = {isa = PBXBuildFile; fileRef = 051BF46C1E697CA800297D8D /* AppDelegate.swift */; };
		051BF46F1E697CA800297D8D /* ViewController.swift in Sources */ = {isa = PBXBuildFile; fileRef = 051BF46E1E697CA800297D8D /* ViewController.swift */; };
		051BF4721E697CA800297D8D /* Main.storyboard in Resources */ = {isa = PBXBuildFile; fileRef = 051BF4701E697CA800297D8D /* Main.storyboard */; };
		051BF4741E697CA800297D8D /* Assets.xcassets in Resources */ = {isa = PBXBuildFile; fileRef = 051BF4731E697CA800297D8D /* Assets.xcassets */; };
		051BF4771E697CA800297D8D /* LaunchScreen.storyboard in Resources */ = {isa = PBXBuildFile; fileRef = 051BF4751E697CA800297D8D /* LaunchScreen.storyboard */; };
/* End PBXBuildFile section */

/* Begin PBXFileReference section */
		051BF4691E697CA700297D8D /* Finding Prime Numbers.app */ = {isa = PBXFileReference; explicitFileType = wrapper.application; includeInIndex = 0; path = "Finding Prime Numbers.app"; sourceTree = BUILT_PRODUCTS_DIR; };
		051BF46C1E697CA800297D8D /* AppDelegate.swift */ = {isa = PBXFileReference; lastKnownFileType = sourcecode.swift; path = AppDelegate.swift; sourceTree = "<group>"; };
		051BF46E1E697CA800297D8D /* ViewController.swift */ = {isa = PBXFileReference; lastKnownFileType = sourcecode.swift; path = ViewController.swift; sourceTree = "<group>"; };
		051BF4711E697CA800297D8D /* Base */ = {isa = PBXFileReference; lastKnownFileType = file.storyboard; name = Base; path = Base.lproj/Main.storyboard; sourceTree = "<group>"; };
		051BF4731E697CA800297D8D /* Assets.xcassets */ = {isa = PBXFileReference; lastKnownFileType = folder.assetcatalog; path = Assets.xcassets; sourceTree = "<group>"; };
		051BF4761E697CA800297D8D /* Base */ = {isa = PBXFileReference; lastKnownFileType = file.storyboard; name = Base; path = Base.lproj/LaunchScreen.storyboard; sourceTree = "<group>"; };
		051BF4781E697CA800297D8D /* Info.plist */ = {isa = PBXFileReference; lastKnownFileType = text.plist.xml; path = Info.plist; sourceTree = "<group>"; };
/* End PBXFileReference section */

/* Begin PBXFrameworksBuildPhase section */
		051BF4661E697CA700297D8D /* Frameworks */ = {
			isa = PBXFrameworksBuildPhase;
			buildActionMask = 2147483647;
			files = (
			);
			runOnlyForDeploymentPostprocessing = 0;
		};
/* End PBXFrameworksBuildPhase section */

/* Begin PBXGroup section */
		051BF4601E697CA700297D8D = {
			isa = PBXGroup;
			children = (
				051BF46B1E697CA700297D8D /* Finding Prime Numbers */,
				051BF46A1E697CA700297D8D /* Products */,
			);
			sourceTree = "<group>";
		};
		051BF46A1E697CA700297D8D /* Products */ = {
			isa = PBXGroup;
			children = (
				051BF4691E697CA700297D8D /* Finding Prime Numbers.app */,
			);
			name = Products;
			sourceTree = "<group>";
		};
		051BF46B1E697CA700297D8D /* Finding Prime Numbers */ = {
			isa = PBXGroup;
			children = (
				051BF46C1E697CA800297D8D /* AppDelegate.swift */,
				051BF46E1E697CA800297D8D /* ViewController.swift */,
				051BF4701E697CA800297D8D /* Main.storyboard */,
				051BF4731E697CA800297D8D /* Assets.xcassets */,
				051BF4751E697CA800297D8D /* LaunchScreen.storyboard */,
				051BF4781E697CA800297D8D /* Info.plist */,
			);
			path = "Finding Prime Numbers";
			sourceTree = "<group>";
		};
/* End PBXGroup section */

/* Begin PBXNativeTarget section */
		051BF4681E697CA700297D8D /* Finding Prime Numbers */ = {
			isa = PBXNativeTarget;
			buildConfigurationList = 051BF47B1E697CA800297D8D /* Build configuration list for PBXNativeTarget "Finding Prime Numbers" */;
			buildPhases = (
				051BF4651E697CA700297D8D /* Sources */,
				051BF4661E697CA700297D8D /* Frameworks */,
				051BF4671E697CA700297D8D /* Resources */,
			);
			buildRules = (
			);
			dependencies = (
			);
			name = "Finding Prime Numbers";
			productName = "Finding Prime Numbers";
			productReference = 051BF4691E697CA700297D8D /* Finding Prime Numbers.app */;
			productType = "com.apple.product-type.application";
		};
/* End PBXNativeTarget section */

/* Begin PBXProject section */
		051BF4611E697CA700297D8D /* Project object */ = {
			isa = PBXProject;
			attributes = {
				LastSwiftUpdateCheck = 0720;
				LastUpgradeCheck = 0720;
				ORGANIZATIONNAME = ChazIT;
				TargetAttributes = {
					051BF4681E697CA700297D8D = {
						CreatedOnToolsVersion = 7.2;
						DevelopmentTeam = 7TCT482N32;
					};
				};
			};
			buildConfigurationList = 051BF4641E697CA700297D8D /* Build configuration list for PBXProject "Finding Prime Numbers" */;
			compatibilityVersion = "Xcode 3.2";
			developmentRegion = English;
			hasScannedForEncodings = 0;
			knownRegions = (
				en,
				Base,
			);
			mainGroup = 051BF4601E697CA700297D8D;
			productRefGroup = 051BF46A1E697CA700297D8D /* Products */;
			projectDirPath = "";
			projectRoot = "";
			targets = (
				051BF4681E697CA700297D8D /* Finding Prime Numbers */,
			);
		};
/* End PBXProject section */

/* Begin PBXResourcesBuildPhase section */
		051BF4671E697CA700297D8D /* Resources */ = {
			isa = PBXResourcesBuildPhase;
			buildActionMask = 2147483647;
			files = (
				051BF4771E697CA800297D8D /* LaunchScreen.storyboard in Resources */,
				051BF4741E697CA800297D8D /* Assets.xcassets in Resources */,
				051BF4721E697CA800297D8D /* Main.storyboard in Resources */,
			);
			runOnlyForDeploymentPostprocessing = 0;
		};
/* End PBXResourcesBuildPhase section */

/* Begin PBXSourcesBuildPhase section */
		051BF4651E697CA700297D8D /* Sources */ = {
			isa = PBXSourcesBuildPhase;
			buildActionMask = 2147483647;
			files = (
				051BF46F1E697CA800297D8D /* ViewController.swift in Sources */,
				051BF46D1E697CA800297D8D /* AppDelegate.swift in Sources */,
			);
			runOnlyForDeploymentPostprocessing = 0;
		};
/* End PBXSourcesBuildPhase section */

/* Begin PBXVariantGroup section */
		051BF4701E697CA800297D8D /* Main.storyboard */ = {
			isa = PBXVariantGroup;
			children = (
				051BF4711E697CA800297D8D /* Base */,
			);
			name = Main.storyboard;
			sourceTree = "<group>";
		};
		051BF4751E697CA800297D8D /* LaunchScreen.storyboard */ = {
			isa = PBXVariantGroup;
			children = (
				051BF4761E697CA800297D8D /* Base */,
			);
			name = LaunchScreen.storyboard;
			sourceTree = "<group>";
		};
/* End PBXVariantGroup section */

/* Begin XCBuildConfiguration section */
		051BF4791E697CA800297D8D /* Debug */ = {
			isa = XCBuildConfiguration;
			buildSettings = {
				ALWAYS_SEARCH_USER_PATHS = NO;
				CLANG_CXX_LANGUAGE_STANDARD = "gnu++0x";
				CLANG_CXX_LIBRARY = "libc++";
				CLANG_ENABLE_MODULES = YES;
				CLANG_ENABLE_OBJC_ARC = YES;
				CLANG_WARN_BOOL_CONVERSION = YES;
				CLANG_WARN_CONSTANT_CONVERSION = YES;
				CLANG_WARN_DIRECT_OBJC_ISA_USAGE = YES_ERROR;
				CLANG_WARN_EMPTY_BODY = YES;
				CLANG_WARN_ENUM_CONVERSION = YES;
				CLANG_WARN_INT_CONVERSION = YES;
				CLANG_WARN_OBJC_ROOT_CLASS = YES_ERROR;
				CLANG_WARN_UNREACHABLE_CODE = YES;
				CLANG_WARN__DUPLICATE_METHOD_MATCH = YES;
				"CODE_SIGN_IDENTITY[sdk=iphoneos*]" = "iPhone Developer";
				COPY_PHASE_STRIP = NO;
				DEBUG_INFORMATION_FORMAT = dwarf;
				ENABLE_STRICT_OBJC_MSGSEND = YES;
				ENABLE_TESTABILITY = YES;
				GCC_C_LANGUAGE_STANDARD = gnu99;
				GCC_DYNAMIC_NO_PIC = NO;
				GCC_NO_COMMON_BLOCKS = YES;
				GCC_OPTIMIZATION_LEVEL = 0;
				GCC_PREPROCESSOR_DEFINITIONS = (
					"DEBUG=1",
					"$(inherited)",
				);
				GCC_WARN_64_TO_32_BIT_CONVERSION = YES;
				GCC_WARN_ABOUT_RETURN_TYPE = YES_ERROR;
				GCC_WARN_UNDECLARED_SELECTOR = YES;
				GCC_WARN_UNINITIALIZED_AUTOS = YES_AGGRESSIVE;
				GCC_WARN_UNUSED_FUNCTION = YES;
				GCC_WARN_UNUSED_VARIABLE = YES;
				IPHONEOS_DEPLOYMENT_TARGET = 9.2;
				MTL_ENABLE_DEBUG_INFO = YES;
				ONLY_ACTIVE_ARCH = YES;
				SDKROOT = iphoneos;
				SWIFT_OPTIMIZATION_LEVEL = "-Onone";
			};
			name = Debug;
		};
		051BF47A1E697CA800297D8D /* Release */ = {
			isa = XCBuildConfiguration;
			buildSettings = {
				ALWAYS_SEARCH_USER_PATHS = NO;
				CLANG_CXX_LANGUAGE_STANDARD = "gnu++0x";
				CLANG_CXX_LIBRARY = "libc++";
				CLANG_ENABLE_MODULES = YES;
				CLANG_ENABLE_OBJC_ARC = YES;
				CLANG_WARN_BOOL_CONVERSION = YES;
				CLANG_WARN_CONSTANT_CONVERSION = YES;
				CLANG_WARN_DIRECT_OBJC_ISA_USAGE = YES_ERROR;
				CLANG_WARN_EMPTY_BODY = YES;
				CLANG_WARN_ENUM_CONVERSION = YES;
				CLANG_WARN_INT_CONVERSION = YES;
				CLANG_WARN_OBJC_ROOT_CLASS = YES_ERROR;
				CLANG_WARN_UNREACHABLE_CODE = YES;
				CLANG_WARN__DUPLICATE_METHOD_MATCH = YES;
				"CODE_SIGN_IDENTITY[sdk=iphoneos*]" = "iPhone Developer";
				COPY_PHASE_STRIP = NO;
				DEBUG_INFORMATION_FORMAT = "dwarf-with-dsym";
				ENABLE_NS_ASSERTIONS = NO;
				ENABLE_STRICT_OBJC_MSGSEND = YES;
				GCC_C_LANGUAGE_STANDARD = gnu99;
				GCC_NO_COMMON_BLOCKS = YES;
				GCC_WARN_64_TO_32_BIT_CONVERSION = YES;
				GCC_WARN_ABOUT_RETURN_TYPE = YES_ERROR;
				GCC_WARN_UNDECLARED_SELECTOR = YES;
				GCC_WARN_UNINITIALIZED_AUTOS = YES_AGGRESSIVE;
				GCC_WARN_UNUSED_FUNCTION = YES;
				GCC_WARN_UNUSED_VARIABLE = YES;
				IPHONEOS_DEPLOYMENT_TARGET = 9.2;
				MTL_ENABLE_DEBUG_INFO = NO;
				SDKROOT = iphoneos;
				VALIDATE_PRODUCT = YES;
			};
			name = Release;
		};
		051BF47C1E697CA800297D8D /* Debug */ = {
			isa = XCBuildConfiguration;
			buildSettings = {
				ASSETCATALOG_COMPILER_APPICON_NAME = AppIcon;
				INFOPLIST_FILE = "Finding Prime Numbers/Info.plist";
				LD_RUNPATH_SEARCH_PATHS = "$(inherited) @executable_path/Frameworks";
				PRODUCT_BUNDLE_IDENTIFIER = "io.chazit.Finding-Prime-Numbers";
				PRODUCT_NAME = "$(TARGET_NAME)";
			};
			name = Debug;
		};
		051BF47D1E697CA800297D8D /* Release */ = {
			isa = XCBuildConfiguration;
			buildSettings = {
				ASSETCATALOG_COMPILER_APPICON_NAME = AppIcon;
				INFOPLIST_FILE = "Finding Prime Numbers/Info.plist";
				LD_RUNPATH_SEARCH_PATHS = "$(inherited) @executable_path/Frameworks";
				PRODUCT_BUNDLE_IDENTIFIER = "io.chazit.Finding-Prime-Numbers";
				PRODUCT_NAME = "$(TARGET_NAME)";
			};
			name = Release;
		};
/* End XCBuildConfiguration section */

/* Begin XCConfigurationList section */
		051BF4641E697CA700297D8D /* Build configuration list for PBXProject "Finding Prime Numbers" */ = {
			isa = XCConfigurationList;
			buildConfigurations = (
				051BF4791E697CA800297D8D /* Debug */,
				051BF47A1E697CA800297D8D /* Release */,
			);
			defaultConfigurationIsVisible = 0;
			defaultConfigurationName = Release;
		};
		051BF47B1E697CA800297D8D /* Build configuration list for PBXNativeTarget "Finding Prime Numbers" */ = {
			isa = XCConfigurationList;
			buildConfigurations = (
				051BF47C1E697CA800297D8D /* Debug */,
				051BF47D1E697CA800297D8D /* Release */,
			);
			defaultConfigurationIsVisible = 0;
		};
/* End XCConfigurationList section */
	};
	rootObject = 051BF4611E697CA700297D8D /* Project object */;
}
